
Microsoft Visual Studio Solution File, Format Version 12.00
# Visual Studio Version 17
VisualStudioVersion = 17.4.33103.184
MinimumVisualStudioVersion = 10.0.40219.1
Project("{888888A0-9F3D-457C-B088-3A5042F75D52}") = "AutomatedConceptMatching", "AutomatedConceptMatching.pyproj", "{60836EC5-67C3-4857-A541-7172065F26F9}"
EndProject
Global
	GlobalSection(SolutionConfigurationPlatforms) = preSolution
		Debug|Any CPU = Debug|Any CPU
		Release|Any CPU = Release|Any CPU
	EndGlobalSection
	GlobalSection(ProjectConfigurationPlatforms) = postSolution
		{60836EC5-67C3-4857-A541-7172065F26F9}.Debug|Any CPU.ActiveCfg = Debug|Any CPU
		{60836EC5-67C3-4857-A541-7172065F26F9}.Release|Any CPU.ActiveCfg = Release|Any CPU
	EndGlobalSection
	GlobalSection(SolutionProperties) = preSolution
		HideSolutionNode = FALSE
	EndGlobalSection
	GlobalSection(ExtensibilityGlobals) = postSolution
		SolutionGuid = {991B8DDD-39AC-4889-B28F-174689C8E519}
	EndGlobalSection
EndGlobal
